
Microsoft Visual Studio Solution File, Format Version 12.00
# Visual Studio Version 16
VisualStudioVersion = 16.0.30114.105
MinimumVisualStudioVersion = 10.0.40219.1
Project("{9A19103F-16F7-4668-BE54-9A1E7A4F7556}") = "Configuration.SecretsManager", "Configuration.SecretsManager\Configuration.SecretsManager.csproj", "{23B4736D-D49E-46E5-A7E2-9CA4A235F629}"
EndProject
Project("{FAE04EC0-301F-11D3-BF4B-00C04F79EFBC}") = "Configuration.SecretsManager.Tests", "Configuration.SecretsManager.Tests\Configuration.SecretsManager.Tests.csproj", "{67656519-9DF0-44B6-982E-2C5D9A78F5FC}"
EndProject
Project("{FAE04EC0-301F-11D3-BF4B-00C04F79EFBC}") = "Configuration.SecretsManager.Example", "Configuration.SecretsManager.Example\Configuration.SecretsManager.Example.csproj", "{D39D27B2-6667-433A-AC0A-0274B2E33A66}"
EndProject
Project("{2150E333-8FDC-42A3-9474-1A3956D46DE8}") = "Example", "Example", "{8E98F152-A5ED-49D1-8450-9CD883CBB158}"
EndProject
Global
	GlobalSection(SolutionConfigurationPlatforms) = preSolution
		Debug|Any CPU = Debug|Any CPU
		Debug|x64 = Debug|x64
		Debug|x86 = Debug|x86
		Release|Any CPU = Release|Any CPU
		Release|x64 = Release|x64
		Release|x86 = Release|x86
	EndGlobalSection
	GlobalSection(ProjectConfigurationPlatforms) = postSolution
		{23B4736D-D49E-46E5-A7E2-9CA4A235F629}.Debug|Any CPU.ActiveCfg = Debug|Any CPU
		{23B4736D-D49E-46E5-A7E2-9CA4A235F629}.Debug|Any CPU.Build.0 = Debug|Any CPU
		{23B4736D-D49E-46E5-A7E2-9CA4A235F629}.Debug|x64.ActiveCfg = Debug|Any CPU
		{23B4736D-D49E-46E5-A7E2-9CA4A235F629}.Debug|x64.Build.0 = Debug|Any CPU
		{23B4736D-D49E-46E5-A7E2-9CA4A235F629}.Debug|x86.ActiveCfg = Debug|Any CPU
		{23B4736D-D49E-46E5-A7E2-9CA4A235F629}.Debug|x86.Build.0 = Debug|Any CPU
		{23B4736D-D49E-46E5-A7E2-9CA4A235F629}.Release|Any CPU.ActiveCfg = Release|Any CPU
		{23B4736D-D49E-46E5-A7E2-9CA4A235F629}.Release|Any CPU.Build.0 = Release|Any CPU
		{23B4736D-D49E-46E5-A7E2-9CA4A235F629}.Release|x64.ActiveCfg = Release|Any CPU
		{23B4736D-D49E-46E5-A7E2-9CA4A235F629}.Release|x64.Build.0 = Release|Any CPU
		{23B4736D-D49E-46E5-A7E2-9CA4A235F629}.Release|x86.ActiveCfg = Release|Any CPU
		{23B4736D-D49E-46E5-A7E2-9CA4A235F629}.Release|x86.Build.0 = Release|Any CPU
		{67656519-9DF0-44B6-982E-2C5D9A78F5FC}.Debug|Any CPU.ActiveCfg = Debug|Any CPU
		{67656519-9DF0-44B6-982E-2C5D9A78F5FC}.Debug|Any CPU.Build.0 = Debug|Any CPU
		{67656519-9DF0-44B6-982E-2C5D9A78F5FC}.Debug|x64.ActiveCfg = Debug|Any CPU
		{67656519-9DF0-44B6-982E-2C5D9A78F5FC}.Debug|x64.Build.0 = Debug|Any CPU
		{67656519-9DF0-44B6-982E-2C5D9A78F5FC}.Debug|x86.ActiveCfg = Debug|Any CPU
		{67656519-9DF0-44B6-982E-2C5D9A78F5FC}.Debug|x86.Build.0 = Debug|Any CPU
		{67656519-9DF0-44B6-982E-2C5D9A78F5FC}.Release|Any CPU.ActiveCfg = Release|Any CPU
		{67656519-9DF0-44B6-982E-2C5D9A78F5FC}.Release|Any CPU.Build.0 = Release|Any CPU
		{67656519-9DF0-44B6-982E-2C5D9A78F5FC}.Release|x64.ActiveCfg = Release|Any CPU
		{67656519-9DF0-44B6-982E-2C5D9A78F5FC}.Release|x64.Build.0 = Release|Any CPU
		{67656519-9DF0-44B6-982E-2C5D9A78F5FC}.Release|x86.ActiveCfg = Release|Any CPU
		{67656519-9DF0-44B6-982E-2C5D9A78F5FC}.Release|x86.Build.0 = Release|Any CPU
		{D39D27B2-6667-433A-AC0A-0274B2E33A66}.Debug|Any CPU.ActiveCfg = Debug|Any CPU
		{D39D27B2-6667-433A-AC0A-0274B2E33A66}.Debug|Any CPU.Build.0 = Debug|Any CPU
		{D39D27B2-6667-433A-AC0A-0274B2E33A66}.Debug|x64.ActiveCfg = Debug|Any CPU
		{D39D27B2-6667-433A-AC0A-0274B2E33A66}.Debug|x64.Build.0 = Debug|Any CPU
		{D39D27B2-6667-433A-AC0A-0274B2E33A66}.Debug|x86.ActiveCfg = Debug|Any CPU
		{D39D27B2-6667-433A-AC0A-0274B2E33A66}.Debug|x86.Build.0 = Debug|Any CPU
		{D39D27B2-6667-433A-AC0A-0274B2E33A66}.Release|Any CPU.ActiveCfg = Release|Any CPU
		{D39D27B2-6667-433A-AC0A-0274B2E33A66}.Release|Any CPU.Build.0 = Release|Any CPU
		{D39D27B2-6667-433A-AC0A-0274B2E33A66}.Release|x64.ActiveCfg = Release|Any CPU
		{D39D27B2-6667-433A-AC0A-0274B2E33A66}.Release|x64.Build.0 = Release|Any CPU
		{D39D27B2-6667-433A-AC0A-0274B2E33A66}.Release|x86.ActiveCfg = Release|Any CPU
		{D39D27B2-6667-433A-AC0A-0274B2E33A66}.Release|x86.Build.0 = Release|Any CPU
	EndGlobalSection
	GlobalSection(SolutionProperties) = preSolution
		HideSolutionNode = FALSE
	EndGlobalSection
	GlobalSection(NestedProjects) = preSolution
		{D39D27B2-6667-433A-AC0A-0274B2E33A66} = {8E98F152-A5ED-49D1-8450-9CD883CBB158}
	EndGlobalSection
	GlobalSection(ExtensibilityGlobals) = postSolution
		SolutionGuid = {A1A32127-314A-4352-ACF9-FFB4D5D01D1F}
	EndGlobalSection
EndGlobal
